// !$*UTF8*$!
{
	archiveVersion = 1;
	classes = {
	};
	objectVersion = 46;
	objects = {

/* Begin PBXBuildFile section */
		634278F7A301A72677E11F2F /* Pods_SlideMenuDoviTests.framework in Frameworks */ = {isa = PBXBuildFile; fileRef = AF42B5A2E43B725D9DC0C2E1 /* Pods_SlideMenuDoviTests.framework */; };
		D808CBC61D038334008F2077 /* SliderMenuViewController.swift in Sources */ = {isa = PBXBuildFile; fileRef = D808CBC41D038334008F2077 /* SliderMenuViewController.swift */; };
		D808CBCB1D038353008F2077 /* SliderMenuAnimation.swift in Sources */ = {isa = PBXBuildFile; fileRef = D808CBC81D038353008F2077 /* SliderMenuAnimation.swift */; };
		D808CBCC1D038353008F2077 /* SliderMenuAnimationDefault.swift in Sources */ = {isa = PBXBuildFile; fileRef = D808CBC91D038353008F2077 /* SliderMenuAnimationDefault.swift */; };
		D808CBCD1D038353008F2077 /* SliderMenuAnimationSilderOver.swift in Sources */ = {isa = PBXBuildFile; fileRef = D808CBCA1D038353008F2077 /* SliderMenuAnimationSilderOver.swift */; };
		D81ED1F91D01E65100AC7795 /* AppDelegate.swift in Sources */ = {isa = PBXBuildFile; fileRef = D81ED1F81D01E65100AC7795 /* AppDelegate.swift */; };
		D81ED1FB1D01E65100AC7795 /* MainViewController.swift in Sources */ = {isa = PBXBuildFile; fileRef = D81ED1FA1D01E65100AC7795 /* MainViewController.swift */; };
		D81ED1FE1D01E65100AC7795 /* Main.storyboard in Resources */ = {isa = PBXBuildFile; fileRef = D81ED1FC1D01E65100AC7795 /* Main.storyboard */; };
		D81ED2001D01E65100AC7795 /* Assets.xcassets in Resources */ = {isa = PBXBuildFile; fileRef = D81ED1FF1D01E65100AC7795 /* Assets.xcassets */; };
		D81ED2031D01E65100AC7795 /* LaunchScreen.storyboard in Resources */ = {isa = PBXBuildFile; fileRef = D81ED2011D01E65100AC7795 /* LaunchScreen.storyboard */; };
		D81ED25D1D01E87D00AC7795 /* LeftViewController.swift in Sources */ = {isa = PBXBuildFile; fileRef = D81ED25C1D01E87D00AC7795 /* LeftViewController.swift */; };
		D81ED25F1D01E8AE00AC7795 /* RightViewController.swift in Sources */ = {isa = PBXBuildFile; fileRef = D81ED25E1D01E8AE00AC7795 /* RightViewController.swift */; };
		D81ED2611D01E90A00AC7795 /* RootViewController.swift in Sources */ = {isa = PBXBuildFile; fileRef = D81ED2601D01E90A00AC7795 /* RootViewController.swift */; };
		D85E0AFB1D7994F300E839F8 /* SliderMenuOptions.swift in Sources */ = {isa = PBXBuildFile; fileRef = D85E0AFA1D7994F300E839F8 /* SliderMenuOptions.swift */; };
		D8E71A171D0223880082248C /* ListAnimationViewController.swift in Sources */ = {isa = PBXBuildFile; fileRef = D8E71A161D0223880082248C /* ListAnimationViewController.swift */; };
		D8E71A211D031DE30082248C /* KIFUITestActor+identifier.swift in Sources */ = {isa = PBXBuildFile; fileRef = D8E71A1F1D031DE30082248C /* KIFUITestActor+identifier.swift */; };
		D8E71A221D031DE30082248C /* QuickSpec.swift in Sources */ = {isa = PBXBuildFile; fileRef = D8E71A201D031DE30082248C /* QuickSpec.swift */; };
		D8E71A241D031E180082248C /* SlideMenuDoviTests.swift in Sources */ = {isa = PBXBuildFile; fileRef = D8E71A231D031E180082248C /* SlideMenuDoviTests.swift */; };
		D8E9AEED1D0383E300FDDD16 /* AnimatorChecker.swift in Sources */ = {isa = PBXBuildFile; fileRef = D8E9AEEB1D0383E300FDDD16 /* AnimatorChecker.swift */; };
		D8E9AEEE1D0383E300FDDD16 /* AnimatorCheckerSliderOver.swift in Sources */ = {isa = PBXBuildFile; fileRef = D8E9AEEC1D0383E300FDDD16 /* AnimatorCheckerSliderOver.swift */; };
		D8E9AEF11D0383EB00FDDD16 /* AnimatorFire.swift in Sources */ = {isa = PBXBuildFile; fileRef = D8E9AEEF1D0383EB00FDDD16 /* AnimatorFire.swift */; };
		D8E9AEF21D0383EB00FDDD16 /* AnimatorFireSlideOver.swift in Sources */ = {isa = PBXBuildFile; fileRef = D8E9AEF01D0383EB00FDDD16 /* AnimatorFireSlideOver.swift */; };
		D8E9AEF51D0383F400FDDD16 /* AnimatorGesture.swift in Sources */ = {isa = PBXBuildFile; fileRef = D8E9AEF31D0383F400FDDD16 /* AnimatorGesture.swift */; };
		D8E9AEF61D0383F400FDDD16 /* AnimatorGestureSlideOver.swift in Sources */ = {isa = PBXBuildFile; fileRef = D8E9AEF41D0383F400FDDD16 /* AnimatorGestureSlideOver.swift */; };
		D8E9AEF91D03840D00FDDD16 /* AnimatorVector.swift in Sources */ = {isa = PBXBuildFile; fileRef = D8E9AEF71D03840D00FDDD16 /* AnimatorVector.swift */; };
		D8E9AEFA1D03840D00FDDD16 /* AnimatorVectorSlideOver.swift in Sources */ = {isa = PBXBuildFile; fileRef = D8E9AEF81D03840D00FDDD16 /* AnimatorVectorSlideOver.swift */; };
		D8E9AEFC1D03842C00FDDD16 /* GlobalVariable.swift in Sources */ = {isa = PBXBuildFile; fileRef = D8E9AEFB1D03842C00FDDD16 /* GlobalVariable.swift */; };
		D8E9AEFF1D03844800FDDD16 /* SliderMenuGesture.swift in Sources */ = {isa = PBXBuildFile; fileRef = D8E9AEFD1D03844800FDDD16 /* SliderMenuGesture.swift */; };
		D8E9AF001D03844800FDDD16 /* SliderMenuGestureDefault.swift in Sources */ = {isa = PBXBuildFile; fileRef = D8E9AEFE1D03844800FDDD16 /* SliderMenuGestureDefault.swift */; };
		D8E9AF031D03845C00FDDD16 /* UIViewController+SilderMenu.swift in Sources */ = {isa = PBXBuildFile; fileRef = D8E9AF021D03845C00FDDD16 /* UIViewController+SilderMenu.swift */; };
		D8E9AF081D03846E00FDDD16 /* MenuTools.swift in Sources */ = {isa = PBXBuildFile; fileRef = D8E9AF051D03846E00FDDD16 /* MenuTools.swift */; };
		D8E9AF091D03846E00FDDD16 /* MenuViewControllers.swift in Sources */ = {isa = PBXBuildFile; fileRef = D8E9AF061D03846E00FDDD16 /* MenuViewControllers.swift */; };
		D8E9AF0A1D03846E00FDDD16 /* MenuViews.swift in Sources */ = {isa = PBXBuildFile; fileRef = D8E9AF071D03846E00FDDD16 /* MenuViews.swift */; };
/* End PBXBuildFile section */

/* Begin PBXContainerItemProxy section */
		D81ED20A1D01E65100AC7795 /* PBXContainerItemProxy */ = {
			isa = PBXContainerItemProxy;
			containerPortal = D81ED1ED1D01E65100AC7795 /* Project object */;
			proxyType = 1;
			remoteGlobalIDString = D81ED1F41D01E65100AC7795;
			remoteInfo = SlideMenuDovi;
		};
/* End PBXContainerItemProxy section */

/* Begin PBXFileReference section */
		AF42B5A2E43B725D9DC0C2E1 /* Pods_SlideMenuDoviTests.framework */ = {isa = PBXFileReference; explicitFileType = wrapper.framework; includeInIndex = 0; path = Pods_SlideMenuDoviTests.framework; sourceTree = BUILT_PRODUCTS_DIR; };
		D765790063CC4B1C30AE32C9 /* Pods-SlideMenuDoviTests.release.xcconfig */ = {isa = PBXFileReference; includeInIndex = 1; lastKnownFileType = text.xcconfig; name = "Pods-SlideMenuDoviTests.release.xcconfig"; path = "Pods/Target Support Files/Pods-SlideMenuDoviTests/Pods-SlideMenuDoviTests.release.xcconfig"; sourceTree = "<group>"; };
		D808CBC41D038334008F2077 /* SliderMenuViewController.swift */ = {isa = PBXFileReference; fileEncoding = 4; lastKnownFileType = sourcecode.swift; name = SliderMenuViewController.swift; path = ../SlideMenu/SliderMenuViewController.swift; sourceTree = "<group>"; };
		D808CBC81D038353008F2077 /* SliderMenuAnimation.swift */ = {isa = PBXFileReference; fileEncoding = 4; lastKnownFileType = sourcecode.swift; name = SliderMenuAnimation.swift; path = ../SlideMenu/AnimationType/SliderMenuAnimation.swift; sourceTree = "<group>"; };
		D808CBC91D038353008F2077 /* SliderMenuAnimationDefault.swift */ = {isa = PBXFileReference; fileEncoding = 4; lastKnownFileType = sourcecode.swift; name = SliderMenuAnimationDefault.swift; path = ../SlideMenu/AnimationType/SliderMenuAnimationDefault.swift; sourceTree = "<group>"; };
		D808CBCA1D038353008F2077 /* SliderMenuAnimationSilderOver.swift */ = {isa = PBXFileReference; fileEncoding = 4; lastKnownFileType = sourcecode.swift; name = SliderMenuAnimationSilderOver.swift; path = ../SlideMenu/AnimationType/SliderMenuAnimationSilderOver.swift; sourceTree = "<group>"; };
		D81ED1F51D01E65100AC7795 /* SlideMenuDovi.app */ = {isa = PBXFileReference; explicitFileType = wrapper.application; includeInIndex = 0; path = SlideMenuDovi.app; sourceTree = BUILT_PRODUCTS_DIR; };
		D81ED1F81D01E65100AC7795 /* AppDelegate.swift */ = {isa = PBXFileReference; lastKnownFileType = sourcecode.swift; path = AppDelegate.swift; sourceTree = "<group>"; };
		D81ED1FA1D01E65100AC7795 /* MainViewController.swift */ = {isa = PBXFileReference; lastKnownFileType = sourcecode.swift; path = MainViewController.swift; sourceTree = "<group>"; };
		D81ED1FD1D01E65100AC7795 /* Base */ = {isa = PBXFileReference; lastKnownFileType = file.storyboard; name = Base; path = Base.lproj/Main.storyboard; sourceTree = "<group>"; };
		D81ED1FF1D01E65100AC7795 /* Assets.xcassets */ = {isa = PBXFileReference; lastKnownFileType = folder.assetcatalog; path = Assets.xcassets; sourceTree = "<group>"; };
		D81ED2021D01E65100AC7795 /* Base */ = {isa = PBXFileReference; lastKnownFileType = file.storyboard; name = Base; path = Base.lproj/LaunchScreen.storyboard; sourceTree = "<group>"; };
		D81ED2041D01E65100AC7795 /* Info.plist */ = {isa = PBXFileReference; lastKnownFileType = text.plist.xml; path = Info.plist; sourceTree = "<group>"; };
		D81ED2091D01E65100AC7795 /* SlideMenuDoviTests.xctest */ = {isa = PBXFileReference; explicitFileType = wrapper.cfbundle; includeInIndex = 0; path = SlideMenuDoviTests.xctest; sourceTree = BUILT_PRODUCTS_DIR; };
		D81ED20F1D01E65100AC7795 /* Info.plist */ = {isa = PBXFileReference; lastKnownFileType = text.plist.xml; path = Info.plist; sourceTree = "<group>"; };
		D81ED25C1D01E87D00AC7795 /* LeftViewController.swift */ = {isa = PBXFileReference; fileEncoding = 4; lastKnownFileType = sourcecode.swift; path = LeftViewController.swift; sourceTree = "<group>"; };
		D81ED25E1D01E8AE00AC7795 /* RightViewController.swift */ = {isa = PBXFileReference; fileEncoding = 4; lastKnownFileType = sourcecode.swift; path = RightViewController.swift; sourceTree = "<group>"; };
		D81ED2601D01E90A00AC7795 /* RootViewController.swift */ = {isa = PBXFileReference; fileEncoding = 4; lastKnownFileType = sourcecode.swift; path = RootViewController.swift; sourceTree = "<group>"; };
		D85E0AFA1D7994F300E839F8 /* SliderMenuOptions.swift */ = {isa = PBXFileReference; fileEncoding = 4; lastKnownFileType = sourcecode.swift; name = SliderMenuOptions.swift; path = ../SlideMenu/SliderMenuOptions.swift; sourceTree = "<group>"; };
		D8E71A161D0223880082248C /* ListAnimationViewController.swift */ = {isa = PBXFileReference; fileEncoding = 4; lastKnownFileType = sourcecode.swift; path = ListAnimationViewController.swift; sourceTree = "<group>"; };
		D8E71A181D031D200082248C /* SlideMenuDovi-Bridging-Header.h */ = {isa = PBXFileReference; lastKnownFileType = sourcecode.c.h; path = "SlideMenuDovi-Bridging-Header.h"; sourceTree = "<group>"; };
		D8E71A1B1D031D440082248C /* SlideMenuDoviTests-Bridging-Header.h */ = {isa = PBXFileReference; lastKnownFileType = sourcecode.c.h; path = "SlideMenuDoviTests-Bridging-Header.h"; sourceTree = "<group>"; };
		D8E71A1F1D031DE30082248C /* KIFUITestActor+identifier.swift */ = {isa = PBXFileReference; fileEncoding = 4; lastKnownFileType = sourcecode.swift; path = "KIFUITestActor+identifier.swift"; sourceTree = "<group>"; };
		D8E71A201D031DE30082248C /* QuickSpec.swift */ = {isa = PBXFileReference; fileEncoding = 4; lastKnownFileType = sourcecode.swift; path = QuickSpec.swift; sourceTree = "<group>"; };
		D8E71A231D031E180082248C /* SlideMenuDoviTests.swift */ = {isa = PBXFileReference; fileEncoding = 4; lastKnownFileType = sourcecode.swift; path = SlideMenuDoviTests.swift; sourceTree = "<group>"; };
		D8E9AEEB1D0383E300FDDD16 /* AnimatorChecker.swift */ = {isa = PBXFileReference; fileEncoding = 4; lastKnownFileType = sourcecode.swift; name = AnimatorChecker.swift; path = ../SlideMenu/Configuration/Anim/AnimatorChecker/AnimatorChecker.swift; sourceTree = "<group>"; };
		D8E9AEEC1D0383E300FDDD16 /* AnimatorCheckerSliderOver.swift */ = {isa = PBXFileReference; fileEncoding = 4; lastKnownFileType = sourcecode.swift; name = AnimatorCheckerSliderOver.swift; path = ../SlideMenu/Configuration/Anim/AnimatorChecker/AnimatorCheckerSliderOver.swift; sourceTree = "<group>"; };
		D8E9AEEF1D0383EB00FDDD16 /* AnimatorFire.swift */ = {isa = PBXFileReference; fileEncoding = 4; lastKnownFileType = sourcecode.swift; name = AnimatorFire.swift; path = ../SlideMenu/Configuration/Anim/AnimatorFire/AnimatorFire.swift; sourceTree = "<group>"; };
		D8E9AEF01D0383EB00FDDD16 /* AnimatorFireSlideOver.swift */ = {isa = PBXFileReference; fileEncoding = 4; lastKnownFileType = sourcecode.swift; name = AnimatorFireSlideOver.swift; path = ../SlideMenu/Configuration/Anim/AnimatorFire/AnimatorFireSlideOver.swift; sourceTree = "<group>"; };
		D8E9AEF31D0383F400FDDD16 /* AnimatorGesture.swift */ = {isa = PBXFileReference; fileEncoding = 4; lastKnownFileType = sourcecode.swift; name = AnimatorGesture.swift; path = ../SlideMenu/Configuration/Anim/AnimatorGesture/AnimatorGesture.swift; sourceTree = "<group>"; };
		D8E9AEF41D0383F400FDDD16 /* AnimatorGestureSlideOver.swift */ = {isa = PBXFileReference; fileEncoding = 4; lastKnownFileType = sourcecode.swift; name = AnimatorGestureSlideOver.swift; path = ../SlideMenu/Configuration/Anim/AnimatorGesture/AnimatorGestureSlideOver.swift; sourceTree = "<group>"; };
		D8E9AEF71D03840D00FDDD16 /* AnimatorVector.swift */ = {isa = PBXFileReference; fileEncoding = 4; lastKnownFileType = sourcecode.swift; name = AnimatorVector.swift; path = ../SlideMenu/Configuration/Anim/AnimatorVector/AnimatorVector.swift; sourceTree = "<group>"; };
		D8E9AEF81D03840D00FDDD16 /* AnimatorVectorSlideOver.swift */ = {isa = PBXFileReference; fileEncoding = 4; lastKnownFileType = sourcecode.swift; name = AnimatorVectorSlideOver.swift; path = ../SlideMenu/Configuration/Anim/AnimatorVector/AnimatorVectorSlideOver.swift; sourceTree = "<group>"; };
		D8E9AEFB1D03842C00FDDD16 /* GlobalVariable.swift */ = {isa = PBXFileReference; fileEncoding = 4; lastKnownFileType = sourcecode.swift; name = GlobalVariable.swift; path = ../SlideMenu/Configuration/Generic/GlobalVariable.swift; sourceTree = "<group>"; };
		D8E9AEFD1D03844800FDDD16 /* SliderMenuGesture.swift */ = {isa = PBXFileReference; fileEncoding = 4; lastKnownFileType = sourcecode.swift; name = SliderMenuGesture.swift; path = ../SlideMenu/Configuration/Gesture/SliderMenuGesture.swift; sourceTree = "<group>"; };
		D8E9AEFE1D03844800FDDD16 /* SliderMenuGestureDefault.swift */ = {isa = PBXFileReference; fileEncoding = 4; lastKnownFileType = sourcecode.swift; name = SliderMenuGestureDefault.swift; path = ../SlideMenu/Configuration/Gesture/SliderMenuGestureDefault.swift; sourceTree = "<group>"; };
		D8E9AF021D03845C00FDDD16 /* UIViewController+SilderMenu.swift */ = {isa = PBXFileReference; fileEncoding = 4; lastKnownFileType = sourcecode.swift; name = "UIViewController+SilderMenu.swift"; path = "../SlideMenu/Extension/UIViewController+SilderMenu.swift"; sourceTree = "<group>"; };
		D8E9AF051D03846E00FDDD16 /* MenuTools.swift */ = {isa = PBXFileReference; fileEncoding = 4; lastKnownFileType = sourcecode.swift; name = MenuTools.swift; path = ../SlideMenu/Tools/MenuTools.swift; sourceTree = "<group>"; };
		D8E9AF061D03846E00FDDD16 /* MenuViewControllers.swift */ = {isa = PBXFileReference; fileEncoding = 4; lastKnownFileType = sourcecode.swift; name = MenuViewControllers.swift; path = ../SlideMenu/Tools/MenuViewControllers.swift; sourceTree = "<group>"; };
		D8E9AF071D03846E00FDDD16 /* MenuViews.swift */ = {isa = PBXFileReference; fileEncoding = 4; lastKnownFileType = sourcecode.swift; name = MenuViews.swift; path = ../SlideMenu/Tools/MenuViews.swift; sourceTree = "<group>"; };
		F304D918C0FE71A87C940B4D /* Pods-SlideMenuDoviTests.debug.xcconfig */ = {isa = PBXFileReference; includeInIndex = 1; lastKnownFileType = text.xcconfig; name = "Pods-SlideMenuDoviTests.debug.xcconfig"; path = "Pods/Target Support Files/Pods-SlideMenuDoviTests/Pods-SlideMenuDoviTests.debug.xcconfig"; sourceTree = "<group>"; };
/* End PBXFileReference section */

/* Begin PBXFrameworksBuildPhase section */
		D81ED1F21D01E65100AC7795 /* Frameworks */ = {
			isa = PBXFrameworksBuildPhase;
			buildActionMask = 2147483647;
			files = (
			);
			runOnlyForDeploymentPostprocessing = 0;
		};
		D81ED2061D01E65100AC7795 /* Frameworks */ = {
			isa = PBXFrameworksBuildPhase;
			buildActionMask = 2147483647;
			files = (
				634278F7A301A72677E11F2F /* Pods_SlideMenuDoviTests.framework in Frameworks */,
			);
			runOnlyForDeploymentPostprocessing = 0;
		};
/* End PBXFrameworksBuildPhase section */

/* Begin PBXGroup section */
		35C2AB84157A16B64FE26848 /* Pods */ = {
			isa = PBXGroup;
			children = (
				F304D918C0FE71A87C940B4D /* Pods-SlideMenuDoviTests.debug.xcconfig */,
				D765790063CC4B1C30AE32C9 /* Pods-SlideMenuDoviTests.release.xcconfig */,
			);
			name = Pods;
			sourceTree = "<group>";
		};
		D808CBC21D038321008F2077 /* SlideMenu */ = {
			isa = PBXGroup;
			children = (
				D8E9AF041D03846600FDDD16 /* Tools */,
				D8E9AF011D03845300FDDD16 /* Extension */,
				D8E9AEE31D03838D00FDDD16 /* Configuration */,
				D808CBC71D038340008F2077 /* AnimationType */,
				D85E0AFA1D7994F300E839F8 /* SliderMenuOptions.swift */,
				D808CBC41D038334008F2077 /* SliderMenuViewController.swift */,
			);
			name = SlideMenu;
			sourceTree = "<group>";
		};
		D808CBC71D038340008F2077 /* AnimationType */ = {
			isa = PBXGroup;
			children = (
				D808CBC81D038353008F2077 /* SliderMenuAnimation.swift */,
				D808CBC91D038353008F2077 /* SliderMenuAnimationDefault.swift */,
				D808CBCA1D038353008F2077 /* SliderMenuAnimationSilderOver.swift */,
			);
			name = AnimationType;
			sourceTree = "<group>";
		};
		D81ED1EC1D01E65100AC7795 = {
			isa = PBXGroup;
			children = (
				D808CBC21D038321008F2077 /* SlideMenu */,
				D81ED1F61D01E65100AC7795 /* Products */,
				D81ED1F71D01E65100AC7795 /* SlideMenuDovi */,
				D81ED20C1D01E65100AC7795 /* SlideMenuDoviTests */,
				35C2AB84157A16B64FE26848 /* Pods */,
				E3716366DCAFBF5CA35C5CCE /* Frameworks */,
				D8E71A181D031D200082248C /* SlideMenuDovi-Bridging-Header.h */,
				D8E71A1B1D031D440082248C /* SlideMenuDoviTests-Bridging-Header.h */,
			);
			sourceTree = "<group>";
		};
		D81ED1F61D01E65100AC7795 /* Products */ = {
			isa = PBXGroup;
			children = (
				D81ED1F51D01E65100AC7795 /* SlideMenuDovi.app */,
				D81ED2091D01E65100AC7795 /* SlideMenuDoviTests.xctest */,
			);
			name = Products;
			sourceTree = "<group>";
		};
		D81ED1F71D01E65100AC7795 /* SlideMenuDovi */ = {
			isa = PBXGroup;
			children = (
				D81ED1F81D01E65100AC7795 /* AppDelegate.swift */,
				D81ED1FF1D01E65100AC7795 /* Assets.xcassets */,
				D81ED2041D01E65100AC7795 /* Info.plist */,
				D81ED2011D01E65100AC7795 /* LaunchScreen.storyboard */,
				D81ED1FC1D01E65100AC7795 /* Main.storyboard */,
				D81ED1FA1D01E65100AC7795 /* MainViewController.swift */,
				D81ED25C1D01E87D00AC7795 /* LeftViewController.swift */,
				D81ED25E1D01E8AE00AC7795 /* RightViewController.swift */,
				D81ED2601D01E90A00AC7795 /* RootViewController.swift */,
				D8E71A161D0223880082248C /* ListAnimationViewController.swift */,
			);
			path = SlideMenuDovi;
			sourceTree = "<group>";
		};
		D81ED20C1D01E65100AC7795 /* SlideMenuDoviTests */ = {
			isa = PBXGroup;
			children = (
				D8E71A231D031E180082248C /* SlideMenuDoviTests.swift */,
				D8E71A1E1D031D940082248C /* Extension */,
				D81ED20F1D01E65100AC7795 /* Info.plist */,
			);
			path = SlideMenuDoviTests;
			sourceTree = "<group>";
		};
		D8E71A1E1D031D940082248C /* Extension */ = {
			isa = PBXGroup;
			children = (
				D8E71A1F1D031DE30082248C /* KIFUITestActor+identifier.swift */,
				D8E71A201D031DE30082248C /* QuickSpec.swift */,
			);
			name = Extension;
			sourceTree = "<group>";
		};
		D8E9AEE31D03838D00FDDD16 /* Configuration */ = {
			isa = PBXGroup;
			children = (
				D8E9AEE61D03839F00FDDD16 /* Gesture */,
				D8E9AEE51D03839900FDDD16 /* Generic */,
				D8E9AEE41D03839500FDDD16 /* Anim */,
			);
			name = Configuration;
			sourceTree = "<group>";
		};
		D8E9AEE41D03839500FDDD16 /* Anim */ = {
			isa = PBXGroup;
			children = (
				D8E9AEEA1D0383D500FDDD16 /* AnimatorVector */,
				D8E9AEE91D0383CC00FDDD16 /* AnimatorGesture */,
				D8E9AEE81D0383BF00FDDD16 /* AnimatorFire */,
				D8E9AEE71D0383A700FDDD16 /* AnimatorChecker */,
			);
			name = Anim;
			sourceTree = "<group>";
		};
		D8E9AEE51D03839900FDDD16 /* Generic */ = {
			isa = PBXGroup;
			children = (
				D8E9AEFB1D03842C00FDDD16 /* GlobalVariable.swift */,
			);
			name = Generic;
			sourceTree = "<group>";
		};
		D8E9AEE61D03839F00FDDD16 /* Gesture */ = {
			isa = PBXGroup;
			children = (
				D8E9AEFD1D03844800FDDD16 /* SliderMenuGesture.swift */,
				D8E9AEFE1D03844800FDDD16 /* SliderMenuGestureDefault.swift */,
			);
			name = Gesture;
			sourceTree = "<group>";
		};
		D8E9AEE71D0383A700FDDD16 /* AnimatorChecker */ = {
			isa = PBXGroup;
			children = (
				D8E9AEEB1D0383E300FDDD16 /* AnimatorChecker.swift */,
				D8E9AEEC1D0383E300FDDD16 /* AnimatorCheckerSliderOver.swift */,
			);
			name = AnimatorChecker;
			sourceTree = "<group>";
		};
		D8E9AEE81D0383BF00FDDD16 /* AnimatorFire */ = {
			isa = PBXGroup;
			children = (
				D8E9AEEF1D0383EB00FDDD16 /* AnimatorFire.swift */,
				D8E9AEF01D0383EB00FDDD16 /* AnimatorFireSlideOver.swift */,
			);
			name = AnimatorFire;
			sourceTree = "<group>";
		};
		D8E9AEE91D0383CC00FDDD16 /* AnimatorGesture */ = {
			isa = PBXGroup;
			children = (
				D8E9AEF31D0383F400FDDD16 /* AnimatorGesture.swift */,
				D8E9AEF41D0383F400FDDD16 /* AnimatorGestureSlideOver.swift */,
			);
			name = AnimatorGesture;
			sourceTree = "<group>";
		};
		D8E9AEEA1D0383D500FDDD16 /* AnimatorVector */ = {
			isa = PBXGroup;
			children = (
				D8E9AEF71D03840D00FDDD16 /* AnimatorVector.swift */,
				D8E9AEF81D03840D00FDDD16 /* AnimatorVectorSlideOver.swift */,
			);
			name = AnimatorVector;
			sourceTree = "<group>";
		};
		D8E9AF011D03845300FDDD16 /* Extension */ = {
			isa = PBXGroup;
			children = (
				D8E9AF021D03845C00FDDD16 /* UIViewController+SilderMenu.swift */,
			);
			name = Extension;
			sourceTree = "<group>";
		};
		D8E9AF041D03846600FDDD16 /* Tools */ = {
			isa = PBXGroup;
			children = (
				D8E9AF051D03846E00FDDD16 /* MenuTools.swift */,
				D8E9AF061D03846E00FDDD16 /* MenuViewControllers.swift */,
				D8E9AF071D03846E00FDDD16 /* MenuViews.swift */,
			);
			name = Tools;
			sourceTree = "<group>";
		};
		E3716366DCAFBF5CA35C5CCE /* Frameworks */ = {
			isa = PBXGroup;
			children = (
				AF42B5A2E43B725D9DC0C2E1 /* Pods_SlideMenuDoviTests.framework */,
			);
			name = Frameworks;
			sourceTree = "<group>";
		};
/* End PBXGroup section */

/* Begin PBXNativeTarget section */
		D81ED1F41D01E65100AC7795 /* SlideMenuDovi */ = {
			isa = PBXNativeTarget;
			buildConfigurationList = D81ED21D1D01E65100AC7795 /* Build configuration list for PBXNativeTarget "SlideMenuDovi" */;
			buildPhases = (
				D81ED1F11D01E65100AC7795 /* Sources */,
				D81ED1F21D01E65100AC7795 /* Frameworks */,
				D81ED1F31D01E65100AC7795 /* Resources */,
			);
			buildRules = (
			);
			dependencies = (
			);
			name = SlideMenuDovi;
			productName = SlideMenuDovi;
			productReference = D81ED1F51D01E65100AC7795 /* SlideMenuDovi.app */;
			productType = "com.apple.product-type.application";
		};
		D81ED2081D01E65100AC7795 /* SlideMenuDoviTests */ = {
			isa = PBXNativeTarget;
			buildConfigurationList = D81ED2201D01E65100AC7795 /* Build configuration list for PBXNativeTarget "SlideMenuDoviTests" */;
			buildPhases = (
				8544EC29B813812BB525D141 /* Check Pods Manifest.lock */,
				D81ED2051D01E65100AC7795 /* Sources */,
				D81ED2061D01E65100AC7795 /* Frameworks */,
				D81ED2071D01E65100AC7795 /* Resources */,
				ED708E697720C2F6202AB43C /* Embed Pods Frameworks */,
				24FC5743FCC61EA985700D24 /* Copy Pods Resources */,
			);
			buildRules = (
			);
			dependencies = (
				D81ED20B1D01E65100AC7795 /* PBXTargetDependency */,
			);
			name = SlideMenuDoviTests;
			productName = SlideMenuDoviTests;
			productReference = D81ED2091D01E65100AC7795 /* SlideMenuDoviTests.xctest */;
			productType = "com.apple.product-type.bundle.unit-test";
		};
/* End PBXNativeTarget section */

/* Begin PBXProject section */
		D81ED1ED1D01E65100AC7795 /* Project object */ = {
			isa = PBXProject;
			attributes = {
				LastSwiftUpdateCheck = 0730;
				LastUpgradeCheck = 0730;
				ORGANIZATIONNAME = "Edouard Roussillon";
				TargetAttributes = {
					D81ED1F41D01E65100AC7795 = {
						CreatedOnToolsVersion = 7.3.1;
					};
					D81ED2081D01E65100AC7795 = {
						CreatedOnToolsVersion = 7.3.1;
						TestTargetID = D81ED1F41D01E65100AC7795;
					};
				};
			};
			buildConfigurationList = D81ED1F01D01E65100AC7795 /* Build configuration list for PBXProject "SlideMenuDovi" */;
			compatibilityVersion = "Xcode 3.2";
			developmentRegion = English;
			hasScannedForEncodings = 0;
			knownRegions = (
				en,
				Base,
			);
			mainGroup = D81ED1EC1D01E65100AC7795;
			productRefGroup = D81ED1F61D01E65100AC7795 /* Products */;
			projectDirPath = "";
			projectRoot = "";
			targets = (
				D81ED1F41D01E65100AC7795 /* SlideMenuDovi */,
				D81ED2081D01E65100AC7795 /* SlideMenuDoviTests */,
			);
		};
/* End PBXProject section */

/* Begin PBXResourcesBuildPhase section */
		D81ED1F31D01E65100AC7795 /* Resources */ = {
			isa = PBXResourcesBuildPhase;
			buildActionMask = 2147483647;
			files = (
				D81ED2031D01E65100AC7795 /* LaunchScreen.storyboard in Resources */,
				D81ED2001D01E65100AC7795 /* Assets.xcassets in Resources */,
				D81ED1FE1D01E65100AC7795 /* Main.storyboard in Resources */,
			);
			runOnlyForDeploymentPostprocessing = 0;
		};
		D81ED2071D01E65100AC7795 /* Resources */ = {
			isa = PBXResourcesBuildPhase;
			buildActionMask = 2147483647;
			files = (
			);
			runOnlyForDeploymentPostprocessing = 0;
		};
/* End PBXResourcesBuildPhase section */

/* Begin PBXShellScriptBuildPhase section */
		24FC5743FCC61EA985700D24 /* Copy Pods Resources */ = {
			isa = PBXShellScriptBuildPhase;
			buildActionMask = 2147483647;
			files = (
			);
			inputPaths = (
			);
			name = "Copy Pods Resources";
			outputPaths = (
			);
			runOnlyForDeploymentPostprocessing = 0;
			shellPath = /bin/sh;
			shellScript = "\"${SRCROOT}/Pods/Target Support Files/Pods-SlideMenuDoviTests/Pods-SlideMenuDoviTests-resources.sh\"\n";
			showEnvVarsInLog = 0;
		};
		8544EC29B813812BB525D141 /* Check Pods Manifest.lock */ = {
			isa = PBXShellScriptBuildPhase;
			buildActionMask = 2147483647;
			files = (
			);
			inputPaths = (
			);
			name = "Check Pods Manifest.lock";
			outputPaths = (
			);
			runOnlyForDeploymentPostprocessing = 0;
			shellPath = /bin/sh;
			shellScript = "diff \"${PODS_ROOT}/../Podfile.lock\" \"${PODS_ROOT}/Manifest.lock\" > /dev/null\nif [[ $? != 0 ]] ; then\n    cat << EOM\nerror: The sandbox is not in sync with the Podfile.lock. Run 'pod install' or update your CocoaPods installation.\nEOM\n    exit 1\nfi\n";
			showEnvVarsInLog = 0;
		};
		ED708E697720C2F6202AB43C /* Embed Pods Frameworks */ = {
			isa = PBXShellScriptBuildPhase;
			buildActionMask = 2147483647;
			files = (
			);
			inputPaths = (
			);
			name = "Embed Pods Frameworks";
			outputPaths = (
			);
			runOnlyForDeploymentPostprocessing = 0;
			shellPath = /bin/sh;
			shellScript = "\"${SRCROOT}/Pods/Target Support Files/Pods-SlideMenuDoviTests/Pods-SlideMenuDoviTests-frameworks.sh\"\n";
			showEnvVarsInLog = 0;
		};
/* End PBXShellScriptBuildPhase section */

/* Begin PBXSourcesBuildPhase section */
		D81ED1F11D01E65100AC7795 /* Sources */ = {
			isa = PBXSourcesBuildPhase;
			buildActionMask = 2147483647;
			files = (
				D85E0AFB1D7994F300E839F8 /* SliderMenuOptions.swift in Sources */,
				D808CBCD1D038353008F2077 /* SliderMenuAnimationSilderOver.swift in Sources */,
				D808CBC61D038334008F2077 /* SliderMenuViewController.swift in Sources */,
				D8E9AF031D03845C00FDDD16 /* UIViewController+SilderMenu.swift in Sources */,
				D8E9AEEE1D0383E300FDDD16 /* AnimatorCheckerSliderOver.swift in Sources */,
				D81ED25D1D01E87D00AC7795 /* LeftViewController.swift in Sources */,
				D81ED1FB1D01E65100AC7795 /* MainViewController.swift in Sources */,
				D8E9AF091D03846E00FDDD16 /* MenuViewControllers.swift in Sources */,
				D8E9AEFC1D03842C00FDDD16 /* GlobalVariable.swift in Sources */,
				D8E9AEFF1D03844800FDDD16 /* SliderMenuGesture.swift in Sources */,
				D808CBCC1D038353008F2077 /* SliderMenuAnimationDefault.swift in Sources */,
				D8E9AEF21D0383EB00FDDD16 /* AnimatorFireSlideOver.swift in Sources */,
				D8E9AEFA1D03840D00FDDD16 /* AnimatorVectorSlideOver.swift in Sources */,
				D8E9AF0A1D03846E00FDDD16 /* MenuViews.swift in Sources */,
				D81ED2611D01E90A00AC7795 /* RootViewController.swift in Sources */,
				D8E9AEF11D0383EB00FDDD16 /* AnimatorFire.swift in Sources */,
				D8E9AF001D03844800FDDD16 /* SliderMenuGestureDefault.swift in Sources */,
				D8E9AEF51D0383F400FDDD16 /* AnimatorGesture.swift in Sources */,
				D8E9AF081D03846E00FDDD16 /* MenuTools.swift in Sources */,
				D8E9AEF91D03840D00FDDD16 /* AnimatorVector.swift in Sources */,
				D8E9AEF61D0383F400FDDD16 /* AnimatorGestureSlideOver.swift in Sources */,
				D8E71A171D0223880082248C /* ListAnimationViewController.swift in Sources */,
				D8E9AEED1D0383E300FDDD16 /* AnimatorChecker.swift in Sources */,
				D81ED25F1D01E8AE00AC7795 /* RightViewController.swift in Sources */,
				D81ED1F91D01E65100AC7795 /* AppDelegate.swift in Sources */,
				D808CBCB1D038353008F2077 /* SliderMenuAnimation.swift in Sources */,
			);
			runOnlyForDeploymentPostprocessing = 0;
		};
		D81ED2051D01E65100AC7795 /* Sources */ = {
			isa = PBXSourcesBuildPhase;
			buildActionMask = 2147483647;
			files = (
				D8E71A211D031DE30082248C /* KIFUITestActor+identifier.swift in Sources */,
				D8E71A241D031E180082248C /* SlideMenuDoviTests.swift in Sources */,
				D8E71A221D031DE30082248C /* QuickSpec.swift in Sources */,
			);
			runOnlyForDeploymentPostprocessing = 0;
		};
/* End PBXSourcesBuildPhase section */

/* Begin PBXTargetDependency section */
		D81ED20B1D01E65100AC7795 /* PBXTargetDependency */ = {
			isa = PBXTargetDependency;
			target = D81ED1F41D01E65100AC7795 /* SlideMenuDovi */;
			targetProxy = D81ED20A1D01E65100AC7795 /* PBXContainerItemProxy */;
		};
/* End PBXTargetDependency section */

/* Begin PBXVariantGroup section */
		D81ED1FC1D01E65100AC7795 /* Main.storyboard */ = {
			isa = PBXVariantGroup;
			children = (
				D81ED1FD1D01E65100AC7795 /* Base */,
			);
			name = Main.storyboard;
			path = .;
			sourceTree = "<group>";
		};
		D81ED2011D01E65100AC7795 /* LaunchScreen.storyboard */ = {
			isa = PBXVariantGroup;
			children = (
				D81ED2021D01E65100AC7795 /* Base */,
			);
			name = LaunchScreen.storyboard;
			path = .;
			sourceTree = "<group>";
		};
/* End PBXVariantGroup section */

/* Begin XCBuildConfiguration section */
		D81ED21B1D01E65100AC7795 /* Debug */ = {
			isa = XCBuildConfiguration;
			buildSettings = {
				ALWAYS_SEARCH_USER_PATHS = NO;
				CLANG_ANALYZER_NONNULL = YES;
				CLANG_CXX_LANGUAGE_STANDARD = "gnu++0x";
				CLANG_CXX_LIBRARY = "libc++";
				CLANG_ENABLE_MODULES = YES;
				CLANG_ENABLE_OBJC_ARC = YES;
				CLANG_WARN_BOOL_CONVERSION = YES;
				CLANG_WARN_CONSTANT_CONVERSION = YES;
				CLANG_WARN_DIRECT_OBJC_ISA_USAGE = YES_ERROR;
				CLANG_WARN_EMPTY_BODY = YES;
				CLANG_WARN_ENUM_CONVERSION = YES;
				CLANG_WARN_INT_CONVERSION = YES;
				CLANG_WARN_OBJC_ROOT_CLASS = YES_ERROR;
				CLANG_WARN_UNREACHABLE_CODE = YES;
				CLANG_WARN__DUPLICATE_METHOD_MATCH = YES;
				"CODE_SIGN_IDENTITY[sdk=iphoneos*]" = "iPhone Developer";
				COPY_PHASE_STRIP = NO;
				DEBUG_INFORMATION_FORMAT = dwarf;
				ENABLE_STRICT_OBJC_MSGSEND = YES;
				ENABLE_TESTABILITY = YES;
				GCC_C_LANGUAGE_STANDARD = gnu99;
				GCC_DYNAMIC_NO_PIC = NO;
				GCC_NO_COMMON_BLOCKS = YES;
				GCC_OPTIMIZATION_LEVEL = 0;
				GCC_PREPROCESSOR_DEFINITIONS = (
					"DEBUG=1",
					"$(inherited)",
				);
				GCC_WARN_64_TO_32_BIT_CONVERSION = YES;
				GCC_WARN_ABOUT_RETURN_TYPE = YES_ERROR;
				GCC_WARN_UNDECLARED_SELECTOR = YES;
				GCC_WARN_UNINITIALIZED_AUTOS = YES_AGGRESSIVE;
				GCC_WARN_UNUSED_FUNCTION = YES;
				GCC_WARN_UNUSED_VARIABLE = YES;
				IPHONEOS_DEPLOYMENT_TARGET = 9.3;
				MTL_ENABLE_DEBUG_INFO = YES;
				ONLY_ACTIVE_ARCH = YES;
				SDKROOT = iphoneos;
				SWIFT_OPTIMIZATION_LEVEL = "-Onone";
				TARGETED_DEVICE_FAMILY = "1,2";
			};
			name = Debug;
		};
		D81ED21C1D01E65100AC7795 /* Release */ = {
			isa = XCBuildConfiguration;
			buildSettings = {
				ALWAYS_SEARCH_USER_PATHS = NO;
				CLANG_ANALYZER_NONNULL = YES;
				CLANG_CXX_LANGUAGE_STANDARD = "gnu++0x";
				CLANG_CXX_LIBRARY = "libc++";
				CLANG_ENABLE_MODULES = YES;
				CLANG_ENABLE_OBJC_ARC = YES;
				CLANG_WARN_BOOL_CONVERSION = YES;
				CLANG_WARN_CONSTANT_CONVERSION = YES;
				CLANG_WARN_DIRECT_OBJC_ISA_USAGE = YES_ERROR;
				CLANG_WARN_EMPTY_BODY = YES;
				CLANG_WARN_ENUM_CONVERSION = YES;
				CLANG_WARN_INT_CONVERSION = YES;
				CLANG_WARN_OBJC_ROOT_CLASS = YES_ERROR;
				CLANG_WARN_UNREACHABLE_CODE = YES;
				CLANG_WARN__DUPLICATE_METHOD_MATCH = YES;
				"CODE_SIGN_IDENTITY[sdk=iphoneos*]" = "iPhone Developer";
				COPY_PHASE_STRIP = NO;
				DEBUG_INFORMATION_FORMAT = "dwarf-with-dsym";
				ENABLE_NS_ASSERTIONS = NO;
				ENABLE_STRICT_OBJC_MSGSEND = YES;
				GCC_C_LANGUAGE_STANDARD = gnu99;
				GCC_NO_COMMON_BLOCKS = YES;
				GCC_WARN_64_TO_32_BIT_CONVERSION = YES;
				GCC_WARN_ABOUT_RETURN_TYPE = YES_ERROR;
				GCC_WARN_UNDECLARED_SELECTOR = YES;
				GCC_WARN_UNINITIALIZED_AUTOS = YES_AGGRESSIVE;
				GCC_WARN_UNUSED_FUNCTION = YES;
				GCC_WARN_UNUSED_VARIABLE = YES;
				IPHONEOS_DEPLOYMENT_TARGET = 9.3;
				MTL_ENABLE_DEBUG_INFO = NO;
				SDKROOT = iphoneos;
				TARGETED_DEVICE_FAMILY = "1,2";
				VALIDATE_PRODUCT = YES;
			};
			name = Release;
		};
		D81ED21E1D01E65100AC7795 /* Debug */ = {
			isa = XCBuildConfiguration;
			buildSettings = {
				ASSETCATALOG_COMPILER_APPICON_NAME = AppIcon;
				CLANG_ENABLE_MODULES = YES;
				INFOPLIST_FILE = SlideMenuDovi/Info.plist;
				IPHONEOS_DEPLOYMENT_TARGET = 8.0;
				LD_RUNPATH_SEARCH_PATHS = "$(inherited) @executable_path/Frameworks";
				PRODUCT_BUNDLE_IDENTIFIER = dovi.SlideMenuDovi;
				PRODUCT_NAME = "$(TARGET_NAME)";
				SWIFT_OBJC_BRIDGING_HEADER = "SlideMenuDovi-Bridging-Header.h";
				SWIFT_OPTIMIZATION_LEVEL = "-Onone";
			};
			name = Debug;
		};
		D81ED21F1D01E65100AC7795 /* Release */ = {
			isa = XCBuildConfiguration;
			buildSettings = {
				ASSETCATALOG_COMPILER_APPICON_NAME = AppIcon;
				CLANG_ENABLE_MODULES = YES;
				INFOPLIST_FILE = SlideMenuDovi/Info.plist;
				IPHONEOS_DEPLOYMENT_TARGET = 8.0;
				LD_RUNPATH_SEARCH_PATHS = "$(inherited) @executable_path/Frameworks";
				PRODUCT_BUNDLE_IDENTIFIER = dovi.SlideMenuDovi;
				PRODUCT_NAME = "$(TARGET_NAME)";
				SWIFT_OBJC_BRIDGING_HEADER = "SlideMenuDovi-Bridging-Header.h";
			};
			name = Release;
		};
		D81ED2211D01E65100AC7795 /* Debug */ = {
			isa = XCBuildConfiguration;
			baseConfigurationReference = F304D918C0FE71A87C940B4D /* Pods-SlideMenuDoviTests.debug.xcconfig */;
			buildSettings = {
				BUNDLE_LOADER = "$(TEST_HOST)";
				CLANG_ENABLE_MODULES = YES;
				INFOPLIST_FILE = SlideMenuDoviTests/Info.plist;
				LD_RUNPATH_SEARCH_PATHS = "$(inherited) @executable_path/Frameworks @loader_path/Frameworks";
				PRODUCT_BUNDLE_IDENTIFIER = dovi.SlideMenuDoviTests;
				PRODUCT_NAME = "$(TARGET_NAME)";
				SWIFT_OBJC_BRIDGING_HEADER = "SlideMenuDoviTests-Bridging-Header.h";
				SWIFT_OPTIMIZATION_LEVEL = "-Onone";
				TEST_HOST = "$(BUILT_PRODUCTS_DIR)/SlideMenuDovi.app/SlideMenuDovi";
			};
			name = Debug;
		};
		D81ED2221D01E65100AC7795 /* Release */ = {
			isa = XCBuildConfiguration;
			baseConfigurationReference = D765790063CC4B1C30AE32C9 /* Pods-SlideMenuDoviTests.release.xcconfig */;
			buildSettings = {
				BUNDLE_LOADER = "$(TEST_HOST)";
				CLANG_ENABLE_MODULES = YES;
				INFOPLIST_FILE = SlideMenuDoviTests/Info.plist;
				LD_RUNPATH_SEARCH_PATHS = "$(inherited) @executable_path/Frameworks @loader_path/Frameworks";
				PRODUCT_BUNDLE_IDENTIFIER = dovi.SlideMenuDoviTests;
				PRODUCT_NAME = "$(TARGET_NAME)";
				SWIFT_OBJC_BRIDGING_HEADER = "SlideMenuDoviTests-Bridging-Header.h";
				TEST_HOST = "$(BUILT_PRODUCTS_DIR)/SlideMenuDovi.app/SlideMenuDovi";
			};
			name = Release;
		};
/* End XCBuildConfiguration section */

/* Begin XCConfigurationList section */
		D81ED1F01D01E65100AC7795 /* Build configuration list for PBXProject "SlideMenuDovi" */ = {
			isa = XCConfigurationList;
			buildConfigurations = (
				D81ED21B1D01E65100AC7795 /* Debug */,
				D81ED21C1D01E65100AC7795 /* Release */,
			);
			defaultConfigurationIsVisible = 0;
			defaultConfigurationName = Release;
		};
		D81ED21D1D01E65100AC7795 /* Build configuration list for PBXNativeTarget "SlideMenuDovi" */ = {
			isa = XCConfigurationList;
			buildConfigurations = (
				D81ED21E1D01E65100AC7795 /* Debug */,
				D81ED21F1D01E65100AC7795 /* Release */,
			);
			defaultConfigurationIsVisible = 0;
			defaultConfigurationName = Release;
		};
		D81ED2201D01E65100AC7795 /* Build configuration list for PBXNativeTarget "SlideMenuDoviTests" */ = {
			isa = XCConfigurationList;
			buildConfigurations = (
				D81ED2211D01E65100AC7795 /* Debug */,
				D81ED2221D01E65100AC7795 /* Release */,
			);
			defaultConfigurationIsVisible = 0;
			defaultConfigurationName = Release;
		};
/* End XCConfigurationList section */
	};
	rootObject = D81ED1ED1D01E65100AC7795 /* Project object */;
}
